// !$*UTF8*$!
{
	archiveVersion = 1;
	classes = {
	};
	objectVersion = 50;
	objects = {

/* Begin PBXBuildFile section */
		2E80B6659876AC0391A80A15 /* Pods_Go_JekUITests.framework in Frameworks */ = {isa = PBXBuildFile; fileRef = 949880C5137FFB81F62D7AAA /* Pods_Go_JekUITests.framework */; };
		5B4FF5D4230C39A700619847 /* AppDelegate.swift in Sources */ = {isa = PBXBuildFile; fileRef = 5B4FF5D3230C39A700619847 /* AppDelegate.swift */; };
		5B4FF5D6230C39A700619847 /* ViewController.swift in Sources */ = {isa = PBXBuildFile; fileRef = 5B4FF5D5230C39A700619847 /* ViewController.swift */; };
		5B4FF5D9230C39A700619847 /* Main.storyboard in Resources */ = {isa = PBXBuildFile; fileRef = 5B4FF5D7230C39A700619847 /* Main.storyboard */; };
		5B4FF5DB230C39A900619847 /* Assets.xcassets in Resources */ = {isa = PBXBuildFile; fileRef = 5B4FF5DA230C39A900619847 /* Assets.xcassets */; };
		5B4FF5DE230C39A900619847 /* LaunchScreen.storyboard in Resources */ = {isa = PBXBuildFile; fileRef = 5B4FF5DC230C39A900619847 /* LaunchScreen.storyboard */; };
		5B4FF5E9230C39A900619847 /* Go_JekTests.swift in Sources */ = {isa = PBXBuildFile; fileRef = 5B4FF5E8230C39A900619847 /* Go_JekTests.swift */; };
		5B4FF5F4230C39A900619847 /* Go_JekUITests.swift in Sources */ = {isa = PBXBuildFile; fileRef = 5B4FF5F3230C39A900619847 /* Go_JekUITests.swift */; };
		7D94CC647CBD509E8568274B /* Pods_Go_JekTests.framework in Frameworks */ = {isa = PBXBuildFile; fileRef = 056A9A8369D92658BBF17763 /* Pods_Go_JekTests.framework */; };
		8787B79319F06270F27626AB /* Pods_Go_Jek.framework in Frameworks */ = {isa = PBXBuildFile; fileRef = 34F7C7954CD6B9E9729368D9 /* Pods_Go_Jek.framework */; };
/* End PBXBuildFile section */

/* Begin PBXContainerItemProxy section */
		5B4FF5E5230C39A900619847 /* PBXContainerItemProxy */ = {
			isa = PBXContainerItemProxy;
			containerPortal = 5B4FF5C8230C39A700619847 /* Project object */;
			proxyType = 1;
			remoteGlobalIDString = 5B4FF5CF230C39A700619847;
			remoteInfo = "Go-Jek";
		};
		5B4FF5F0230C39A900619847 /* PBXContainerItemProxy */ = {
			isa = PBXContainerItemProxy;
			containerPortal = 5B4FF5C8230C39A700619847 /* Project object */;
			proxyType = 1;
			remoteGlobalIDString = 5B4FF5CF230C39A700619847;
			remoteInfo = "Go-Jek";
		};
/* End PBXContainerItemProxy section */

/* Begin PBXFileReference section */
		056A9A8369D92658BBF17763 /* Pods_Go_JekTests.framework */ = {isa = PBXFileReference; explicitFileType = wrapper.framework; includeInIndex = 0; path = Pods_Go_JekTests.framework; sourceTree = BUILT_PRODUCTS_DIR; };
		173B2F5862D1509741794AE1 /* Pods-Go-JekTests.release.xcconfig */ = {isa = PBXFileReference; includeInIndex = 1; lastKnownFileType = text.xcconfig; name = "Pods-Go-JekTests.release.xcconfig"; path = "Pods/Target Support Files/Pods-Go-JekTests/Pods-Go-JekTests.release.xcconfig"; sourceTree = "<group>"; };
		1D3C5152D7E79CCFF417C367 /* Pods-Go-Jek.debug.xcconfig */ = {isa = PBXFileReference; includeInIndex = 1; lastKnownFileType = text.xcconfig; name = "Pods-Go-Jek.debug.xcconfig"; path = "Pods/Target Support Files/Pods-Go-Jek/Pods-Go-Jek.debug.xcconfig"; sourceTree = "<group>"; };
		34F7C7954CD6B9E9729368D9 /* Pods_Go_Jek.framework */ = {isa = PBXFileReference; explicitFileType = wrapper.framework; includeInIndex = 0; path = Pods_Go_Jek.framework; sourceTree = BUILT_PRODUCTS_DIR; };
		4402D6D272B0F0123C9E1178 /* Pods-Go-Jek.release.xcconfig */ = {isa = PBXFileReference; includeInIndex = 1; lastKnownFileType = text.xcconfig; name = "Pods-Go-Jek.release.xcconfig"; path = "Pods/Target Support Files/Pods-Go-Jek/Pods-Go-Jek.release.xcconfig"; sourceTree = "<group>"; };
		473F752010DA23596147BC12 /* Pods-Go-JekUITests.debug.xcconfig */ = {isa = PBXFileReference; includeInIndex = 1; lastKnownFileType = text.xcconfig; name = "Pods-Go-JekUITests.debug.xcconfig"; path = "Pods/Target Support Files/Pods-Go-JekUITests/Pods-Go-JekUITests.debug.xcconfig"; sourceTree = "<group>"; };
		5B4FF5D0230C39A700619847 /* Go-Jek.app */ = {isa = PBXFileReference; explicitFileType = wrapper.application; includeInIndex = 0; path = "Go-Jek.app"; sourceTree = BUILT_PRODUCTS_DIR; };
		5B4FF5D3230C39A700619847 /* AppDelegate.swift */ = {isa = PBXFileReference; lastKnownFileType = sourcecode.swift; path = AppDelegate.swift; sourceTree = "<group>"; };
		5B4FF5D5230C39A700619847 /* ViewController.swift */ = {isa = PBXFileReference; lastKnownFileType = sourcecode.swift; path = ViewController.swift; sourceTree = "<group>"; };
		5B4FF5D8230C39A700619847 /* Base */ = {isa = PBXFileReference; lastKnownFileType = file.storyboard; name = Base; path = Base.lproj/Main.storyboard; sourceTree = "<group>"; };
		5B4FF5DA230C39A900619847 /* Assets.xcassets */ = {isa = PBXFileReference; lastKnownFileType = folder.assetcatalog; path = Assets.xcassets; sourceTree = "<group>"; };
		5B4FF5DD230C39A900619847 /* Base */ = {isa = PBXFileReference; lastKnownFileType = file.storyboard; name = Base; path = Base.lproj/LaunchScreen.storyboard; sourceTree = "<group>"; };
		5B4FF5DF230C39A900619847 /* Info.plist */ = {isa = PBXFileReference; lastKnownFileType = text.plist.xml; path = Info.plist; sourceTree = "<group>"; };
		5B4FF5E4230C39A900619847 /* Go-JekTests.xctest */ = {isa = PBXFileReference; explicitFileType = wrapper.cfbundle; includeInIndex = 0; path = "Go-JekTests.xctest"; sourceTree = BUILT_PRODUCTS_DIR; };
		5B4FF5E8230C39A900619847 /* Go_JekTests.swift */ = {isa = PBXFileReference; lastKnownFileType = sourcecode.swift; path = Go_JekTests.swift; sourceTree = "<group>"; };
		5B4FF5EA230C39A900619847 /* Info.plist */ = {isa = PBXFileReference; lastKnownFileType = text.plist.xml; path = Info.plist; sourceTree = "<group>"; };
		5B4FF5EF230C39A900619847 /* Go-JekUITests.xctest */ = {isa = PBXFileReference; explicitFileType = wrapper.cfbundle; includeInIndex = 0; path = "Go-JekUITests.xctest"; sourceTree = BUILT_PRODUCTS_DIR; };
		5B4FF5F3230C39A900619847 /* Go_JekUITests.swift */ = {isa = PBXFileReference; lastKnownFileType = sourcecode.swift; path = Go_JekUITests.swift; sourceTree = "<group>"; };
		5B4FF5F5230C39A900619847 /* Info.plist */ = {isa = PBXFileReference; lastKnownFileType = text.plist.xml; path = Info.plist; sourceTree = "<group>"; };
		949880C5137FFB81F62D7AAA /* Pods_Go_JekUITests.framework */ = {isa = PBXFileReference; explicitFileType = wrapper.framework; includeInIndex = 0; path = Pods_Go_JekUITests.framework; sourceTree = BUILT_PRODUCTS_DIR; };
		D4636BBD98B95D046F1F0300 /* Pods-Go-JekTests.debug.xcconfig */ = {isa = PBXFileReference; includeInIndex = 1; lastKnownFileType = text.xcconfig; name = "Pods-Go-JekTests.debug.xcconfig"; path = "Pods/Target Support Files/Pods-Go-JekTests/Pods-Go-JekTests.debug.xcconfig"; sourceTree = "<group>"; };
		FCFA9C71B0378D56730765CD /* Pods-Go-JekUITests.release.xcconfig */ = {isa = PBXFileReference; includeInIndex = 1; lastKnownFileType = text.xcconfig; name = "Pods-Go-JekUITests.release.xcconfig"; path = "Pods/Target Support Files/Pods-Go-JekUITests/Pods-Go-JekUITests.release.xcconfig"; sourceTree = "<group>"; };
/* End PBXFileReference section */

/* Begin PBXFrameworksBuildPhase section */
		5B4FF5CD230C39A700619847 /* Frameworks */ = {
			isa = PBXFrameworksBuildPhase;
			buildActionMask = 2147483647;
			files = (
				8787B79319F06270F27626AB /* Pods_Go_Jek.framework in Frameworks */,
			);
			runOnlyForDeploymentPostprocessing = 0;
		};
		5B4FF5E1230C39A900619847 /* Frameworks */ = {
			isa = PBXFrameworksBuildPhase;
			buildActionMask = 2147483647;
			files = (
				7D94CC647CBD509E8568274B /* Pods_Go_JekTests.framework in Frameworks */,
			);
			runOnlyForDeploymentPostprocessing = 0;
		};
		5B4FF5EC230C39A900619847 /* Frameworks */ = {
			isa = PBXFrameworksBuildPhase;
			buildActionMask = 2147483647;
			files = (
				2E80B6659876AC0391A80A15 /* Pods_Go_JekUITests.framework in Frameworks */,
			);
			runOnlyForDeploymentPostprocessing = 0;
		};
/* End PBXFrameworksBuildPhase section */

/* Begin PBXGroup section */
		406EECEE55486983E2A7657D /* Frameworks */ = {
			isa = PBXGroup;
			children = (
				34F7C7954CD6B9E9729368D9 /* Pods_Go_Jek.framework */,
				056A9A8369D92658BBF17763 /* Pods_Go_JekTests.framework */,
				949880C5137FFB81F62D7AAA /* Pods_Go_JekUITests.framework */,
			);
			name = Frameworks;
			sourceTree = "<group>";
		};
		5B4FF5C7230C39A700619847 = {
			isa = PBXGroup;
			children = (
				5B4FF5D2230C39A700619847 /* Go-Jek */,
				5B4FF5E7230C39A900619847 /* Go-JekTests */,
				5B4FF5F2230C39A900619847 /* Go-JekUITests */,
				5B4FF5D1230C39A700619847 /* Products */,
				F476986E177ED321B73C9925 /* Pods */,
				406EECEE55486983E2A7657D /* Frameworks */,
			);
			sourceTree = "<group>";
		};
		5B4FF5D1230C39A700619847 /* Products */ = {
			isa = PBXGroup;
			children = (
				5B4FF5D0230C39A700619847 /* Go-Jek.app */,
				5B4FF5E4230C39A900619847 /* Go-JekTests.xctest */,
				5B4FF5EF230C39A900619847 /* Go-JekUITests.xctest */,
			);
			name = Products;
			sourceTree = "<group>";
		};
		5B4FF5D2230C39A700619847 /* Go-Jek */ = {
			isa = PBXGroup;
			children = (
				5B4FF5D3230C39A700619847 /* AppDelegate.swift */,
				5B4FF5D5230C39A700619847 /* ViewController.swift */,
				5B4FF5D7230C39A700619847 /* Main.storyboard */,
				5B4FF5DA230C39A900619847 /* Assets.xcassets */,
				5B4FF5DC230C39A900619847 /* LaunchScreen.storyboard */,
				5B4FF5DF230C39A900619847 /* Info.plist */,
			);
			path = "Go-Jek";
			sourceTree = "<group>";
		};
		5B4FF5E7230C39A900619847 /* Go-JekTests */ = {
			isa = PBXGroup;
			children = (
				5B4FF5E8230C39A900619847 /* Go_JekTests.swift */,
				5B4FF5EA230C39A900619847 /* Info.plist */,
			);
			path = "Go-JekTests";
			sourceTree = "<group>";
		};
		5B4FF5F2230C39A900619847 /* Go-JekUITests */ = {
			isa = PBXGroup;
			children = (
				5B4FF5F3230C39A900619847 /* Go_JekUITests.swift */,
				5B4FF5F5230C39A900619847 /* Info.plist */,
			);
			path = "Go-JekUITests";
			sourceTree = "<group>";
		};
		F476986E177ED321B73C9925 /* Pods */ = {
			isa = PBXGroup;
			children = (
				1D3C5152D7E79CCFF417C367 /* Pods-Go-Jek.debug.xcconfig */,
				4402D6D272B0F0123C9E1178 /* Pods-Go-Jek.release.xcconfig */,
				D4636BBD98B95D046F1F0300 /* Pods-Go-JekTests.debug.xcconfig */,
				173B2F5862D1509741794AE1 /* Pods-Go-JekTests.release.xcconfig */,
				473F752010DA23596147BC12 /* Pods-Go-JekUITests.debug.xcconfig */,
				FCFA9C71B0378D56730765CD /* Pods-Go-JekUITests.release.xcconfig */,
			);
			name = Pods;
			sourceTree = "<group>";
		};
/* End PBXGroup section */

/* Begin PBXNativeTarget section */
		5B4FF5CF230C39A700619847 /* Go-Jek */ = {
			isa = PBXNativeTarget;
			buildConfigurationList = 5B4FF5F8230C39A900619847 /* Build configuration list for PBXNativeTarget "Go-Jek" */;
			buildPhases = (
				28CBF0898AD01BADDF1364C8 /* [CP] Check Pods Manifest.lock */,
				5B4FF5CC230C39A700619847 /* Sources */,
				5B4FF5CD230C39A700619847 /* Frameworks */,
				5B4FF5CE230C39A700619847 /* Resources */,
				67FAA768BBB1EADEDDDD0AC2 /* [CP] Embed Pods Frameworks */,
			);
			buildRules = (
			);
			dependencies = (
			);
			name = "Go-Jek";
			productName = "Go-Jek";
			productReference = 5B4FF5D0230C39A700619847 /* Go-Jek.app */;
			productType = "com.apple.product-type.application";
		};
		5B4FF5E3230C39A900619847 /* Go-JekTests */ = {
			isa = PBXNativeTarget;
			buildConfigurationList = 5B4FF5FB230C39A900619847 /* Build configuration list for PBXNativeTarget "Go-JekTests" */;
			buildPhases = (
				6FEE36C3640D7054C73284CE /* [CP] Check Pods Manifest.lock */,
				5B4FF5E0230C39A900619847 /* Sources */,
				5B4FF5E1230C39A900619847 /* Frameworks */,
				5B4FF5E2230C39A900619847 /* Resources */,
			);
			buildRules = (
			);
			dependencies = (
				5B4FF5E6230C39A900619847 /* PBXTargetDependency */,
			);
			name = "Go-JekTests";
			productName = "Go-JekTests";
			productReference = 5B4FF5E4230C39A900619847 /* Go-JekTests.xctest */;
			productType = "com.apple.product-type.bundle.unit-test";
		};
		5B4FF5EE230C39A900619847 /* Go-JekUITests */ = {
			isa = PBXNativeTarget;
			buildConfigurationList = 5B4FF5FE230C39A900619847 /* Build configuration list for PBXNativeTarget "Go-JekUITests" */;
			buildPhases = (
				457E1149C273B3C6560AB9AE /* [CP] Check Pods Manifest.lock */,
				5B4FF5EB230C39A900619847 /* Sources */,
				5B4FF5EC230C39A900619847 /* Frameworks */,
				5B4FF5ED230C39A900619847 /* Resources */,
			);
			buildRules = (
			);
			dependencies = (
				5B4FF5F1230C39A900619847 /* PBXTargetDependency */,
			);
			name = "Go-JekUITests";
			productName = "Go-JekUITests";
			productReference = 5B4FF5EF230C39A900619847 /* Go-JekUITests.xctest */;
			productType = "com.apple.product-type.bundle.ui-testing";
		};
/* End PBXNativeTarget section */

/* Begin PBXProject section */
		5B4FF5C8230C39A700619847 /* Project object */ = {
			isa = PBXProject;
			attributes = {
				LastSwiftUpdateCheck = 1030;
				LastUpgradeCheck = 1030;
				ORGANIZATIONNAME = "Satendra Singh";
				TargetAttributes = {
					5B4FF5CF230C39A700619847 = {
						CreatedOnToolsVersion = 10.3;
					};
					5B4FF5E3230C39A900619847 = {
						CreatedOnToolsVersion = 10.3;
						TestTargetID = 5B4FF5CF230C39A700619847;
					};
					5B4FF5EE230C39A900619847 = {
						CreatedOnToolsVersion = 10.3;
						TestTargetID = 5B4FF5CF230C39A700619847;
					};
				};
			};
			buildConfigurationList = 5B4FF5CB230C39A700619847 /* Build configuration list for PBXProject "Go-Jek" */;
			compatibilityVersion = "Xcode 9.3";
			developmentRegion = en;
			hasScannedForEncodings = 0;
			knownRegions = (
				en,
				Base,
			);
			mainGroup = 5B4FF5C7230C39A700619847;
			productRefGroup = 5B4FF5D1230C39A700619847 /* Products */;
			projectDirPath = "";
			projectRoot = "";
			targets = (
				5B4FF5CF230C39A700619847 /* Go-Jek */,
				5B4FF5E3230C39A900619847 /* Go-JekTests */,
				5B4FF5EE230C39A900619847 /* Go-JekUITests */,
			);
		};
/* End PBXProject section */

/* Begin PBXResourcesBuildPhase section */
		5B4FF5CE230C39A700619847 /* Resources */ = {
			isa = PBXResourcesBuildPhase;
			buildActionMask = 2147483647;
			files = (
				5B4FF5DE230C39A900619847 /* LaunchScreen.storyboard in Resources */,
				5B4FF5DB230C39A900619847 /* Assets.xcassets in Resources */,
				5B4FF5D9230C39A700619847 /* Main.storyboard in Resources */,
			);
			runOnlyForDeploymentPostprocessing = 0;
		};
		5B4FF5E2230C39A900619847 /* Resources */ = {
			isa = PBXResourcesBuildPhase;
			buildActionMask = 2147483647;
			files = (
			);
			runOnlyForDeploymentPostprocessing = 0;
		};
		5B4FF5ED230C39A900619847 /* Resources */ = {
			isa = PBXResourcesBuildPhase;
			buildActionMask = 2147483647;
			files = (
			);
			runOnlyForDeploymentPostprocessing = 0;
		};
/* End PBXResourcesBuildPhase section */

/* Begin PBXShellScriptBuildPhase section */
		28CBF0898AD01BADDF1364C8 /* [CP] Check Pods Manifest.lock */ = {
			isa = PBXShellScriptBuildPhase;
			buildActionMask = 2147483647;
			files = (
			);
			inputPaths = (
				"${PODS_PODFILE_DIR_PATH}/Podfile.lock",
				"${PODS_ROOT}/Manifest.lock",
			);
			name = "[CP] Check Pods Manifest.lock";
			outputPaths = (
				"$(DERIVED_FILE_DIR)/Pods-Go-Jek-checkManifestLockResult.txt",
			);
			runOnlyForDeploymentPostprocessing = 0;
			shellPath = /bin/sh;
			shellScript = "diff \"${PODS_PODFILE_DIR_PATH}/Podfile.lock\" \"${PODS_ROOT}/Manifest.lock\" > /dev/null\nif [ $? != 0 ] ; then\n    # print error to STDERR\n    echo \"error: The sandbox is not in sync with the Podfile.lock. Run 'pod install' or update your CocoaPods installation.\" >&2\n    exit 1\nfi\n# This output is used by Xcode 'outputs' to avoid re-running this script phase.\necho \"SUCCESS\" > \"${SCRIPT_OUTPUT_FILE_0}\"\n";
			showEnvVarsInLog = 0;
		};
		457E1149C273B3C6560AB9AE /* [CP] Check Pods Manifest.lock */ = {
			isa = PBXShellScriptBuildPhase;
			buildActionMask = 2147483647;
			files = (
			);
			inputPaths = (
				"${PODS_PODFILE_DIR_PATH}/Podfile.lock",
				"${PODS_ROOT}/Manifest.lock",
			);
			name = "[CP] Check Pods Manifest.lock";
			outputPaths = (
				"$(DERIVED_FILE_DIR)/Pods-Go-JekUITests-checkManifestLockResult.txt",
			);
			runOnlyForDeploymentPostprocessing = 0;
			shellPath = /bin/sh;
			shellScript = "diff \"${PODS_PODFILE_DIR_PATH}/Podfile.lock\" \"${PODS_ROOT}/Manifest.lock\" > /dev/null\nif [ $? != 0 ] ; then\n    # print error to STDERR\n    echo \"error: The sandbox is not in sync with the Podfile.lock. Run 'pod install' or update your CocoaPods installation.\" >&2\n    exit 1\nfi\n# This output is used by Xcode 'outputs' to avoid re-running this script phase.\necho \"SUCCESS\" > \"${SCRIPT_OUTPUT_FILE_0}\"\n";
			showEnvVarsInLog = 0;
		};
		67FAA768BBB1EADEDDDD0AC2 /* [CP] Embed Pods Frameworks */ = {
			isa = PBXShellScriptBuildPhase;
			buildActionMask = 2147483647;
			files = (
			);
			inputPaths = (
				"${SRCROOT}/Pods/Target Support Files/Pods-Go-Jek/Pods-Go-Jek-frameworks.sh",
				"${BUILT_PRODUCTS_DIR}/IQKeyboardManager/IQKeyboardManager.framework",
				"${BUILT_PRODUCTS_DIR}/SDWebImage/SDWebImage.framework",
			);
			name = "[CP] Embed Pods Frameworks";
			outputPaths = (
				"${TARGET_BUILD_DIR}/${FRAMEWORKS_FOLDER_PATH}/IQKeyboardManager.framework",
				"${TARGET_BUILD_DIR}/${FRAMEWORKS_FOLDER_PATH}/SDWebImage.framework",
			);
			runOnlyForDeploymentPostprocessing = 0;
			shellPath = /bin/sh;
			shellScript = "\"${SRCROOT}/Pods/Target Support Files/Pods-Go-Jek/Pods-Go-Jek-frameworks.sh\"\n";
			showEnvVarsInLog = 0;
		};
		6FEE36C3640D7054C73284CE /* [CP] Check Pods Manifest.lock */ = {
			isa = PBXShellScriptBuildPhase;
			buildActionMask = 2147483647;
			files = (
			);
			inputPaths = (
				"${PODS_PODFILE_DIR_PATH}/Podfile.lock",
				"${PODS_ROOT}/Manifest.lock",
			);
			name = "[CP] Check Pods Manifest.lock";
			outputPaths = (
				"$(DERIVED_FILE_DIR)/Pods-Go-JekTests-checkManifestLockResult.txt",
			);
			runOnlyForDeploymentPostprocessing = 0;
			shellPath = /bin/sh;
			shellScript = "diff \"${PODS_PODFILE_DIR_PATH}/Podfile.lock\" \"${PODS_ROOT}/Manifest.lock\" > /dev/null\nif [ $? != 0 ] ; then\n    # print error to STDERR\n    echo \"error: The sandbox is not in sync with the Podfile.lock. Run 'pod install' or update your CocoaPods installation.\" >&2\n    exit 1\nfi\n# This output is used by Xcode 'outputs' to avoid re-running this script phase.\necho \"SUCCESS\" > \"${SCRIPT_OUTPUT_FILE_0}\"\n";
			showEnvVarsInLog = 0;
		};
/* End PBXShellScriptBuildPhase section */

/* Begin PBXSourcesBuildPhase section */
		5B4FF5CC230C39A700619847 /* Sources */ = {
			isa = PBXSourcesBuildPhase;
			buildActionMask = 2147483647;
			files = (
				5B4FF5D6230C39A700619847 /* ViewController.swift in Sources */,
				5B4FF5D4230C39A700619847 /* AppDelegate.swift in Sources */,
			);
			runOnlyForDeploymentPostprocessing = 0;
		};
		5B4FF5E0230C39A900619847 /* Sources */ = {
			isa = PBXSourcesBuildPhase;
			buildActionMask = 2147483647;
			files = (
				5B4FF5E9230C39A900619847 /* Go_JekTests.swift in Sources */,
			);
			runOnlyForDeploymentPostprocessing = 0;
		};
		5B4FF5EB230C39A900619847 /* Sources */ = {
			isa = PBXSourcesBuildPhase;
			buildActionMask = 2147483647;
			files = (
				5B4FF5F4230C39A900619847 /* Go_JekUITests.swift in Sources */,
			);
			runOnlyForDeploymentPostprocessing = 0;
		};
/* End PBXSourcesBuildPhase section */

/* Begin PBXTargetDependency section */
		5B4FF5E6230C39A900619847 /* PBXTargetDependency */ = {
			isa = PBXTargetDependency;
			target = 5B4FF5CF230C39A700619847 /* Go-Jek */;
			targetProxy = 5B4FF5E5230C39A900619847 /* PBXContainerItemProxy */;
		};
		5B4FF5F1230C39A900619847 /* PBXTargetDependency */ = {
			isa = PBXTargetDependency;
			target = 5B4FF5CF230C39A700619847 /* Go-Jek */;
			targetProxy = 5B4FF5F0230C39A900619847 /* PBXContainerItemProxy */;
		};
/* End PBXTargetDependency section */

/* Begin PBXVariantGroup section */
		5B4FF5D7230C39A700619847 /* Main.storyboard */ = {
			isa = PBXVariantGroup;
			children = (
				5B4FF5D8230C39A700619847 /* Base */,
			);
			name = Main.storyboard;
			sourceTree = "<group>";
		};
		5B4FF5DC230C39A900619847 /* LaunchScreen.storyboard */ = {
			isa = PBXVariantGroup;
			children = (
				5B4FF5DD230C39A900619847 /* Base */,
			);
			name = LaunchScreen.storyboard;
			sourceTree = "<group>";
		};
/* End PBXVariantGroup section */

/* Begin XCBuildConfiguration section */
		5B4FF5F6230C39A900619847 /* Debug */ = {
			isa = XCBuildConfiguration;
			buildSettings = {
				ALWAYS_SEARCH_USER_PATHS = NO;
				CLANG_ANALYZER_NONNULL = YES;
				CLANG_ANALYZER_NUMBER_OBJECT_CONVERSION = YES_AGGRESSIVE;
				CLANG_CXX_LANGUAGE_STANDARD = "gnu++14";
				CLANG_CXX_LIBRARY = "libc++";
				CLANG_ENABLE_MODULES = YES;
				CLANG_ENABLE_OBJC_ARC = YES;
				CLANG_ENABLE_OBJC_WEAK = YES;
				CLANG_WARN_BLOCK_CAPTURE_AUTORELEASING = YES;
				CLANG_WARN_BOOL_CONVERSION = YES;
				CLANG_WARN_COMMA = YES;
				CLANG_WARN_CONSTANT_CONVERSION = YES;
				CLANG_WARN_DEPRECATED_OBJC_IMPLEMENTATIONS = YES;
				CLANG_WARN_DIRECT_OBJC_ISA_USAGE = YES_ERROR;
				CLANG_WARN_DOCUMENTATION_COMMENTS = YES;
				CLANG_WARN_EMPTY_BODY = YES;
				CLANG_WARN_ENUM_CONVERSION = YES;
				CLANG_WARN_INFINITE_RECURSION = YES;
				CLANG_WARN_INT_CONVERSION = YES;
				CLANG_WARN_NON_LITERAL_NULL_CONVERSION = YES;
				CLANG_WARN_OBJC_IMPLICIT_RETAIN_SELF = YES;
				CLANG_WARN_OBJC_LITERAL_CONVERSION = YES;
				CLANG_WARN_OBJC_ROOT_CLASS = YES_ERROR;
				CLANG_WARN_RANGE_LOOP_ANALYSIS = YES;
				CLANG_WARN_STRICT_PROTOTYPES = YES;
				CLANG_WARN_SUSPICIOUS_MOVE = YES;
				CLANG_WARN_UNGUARDED_AVAILABILITY = YES_AGGRESSIVE;
				CLANG_WARN_UNREACHABLE_CODE = YES;
				CLANG_WARN__DUPLICATE_METHOD_MATCH = YES;
				CODE_SIGN_IDENTITY = "iPhone Developer";
				COPY_PHASE_STRIP = NO;
				DEBUG_INFORMATION_FORMAT = dwarf;
				ENABLE_STRICT_OBJC_MSGSEND = YES;
				ENABLE_TESTABILITY = YES;
				GCC_C_LANGUAGE_STANDARD = gnu11;
				GCC_DYNAMIC_NO_PIC = NO;
				GCC_NO_COMMON_BLOCKS = YES;
				GCC_OPTIMIZATION_LEVEL = 0;
				GCC_PREPROCESSOR_DEFINITIONS = (
					"DEBUG=1",
					"$(inherited)",
				);
				GCC_WARN_64_TO_32_BIT_CONVERSION = YES;
				GCC_WARN_ABOUT_RETURN_TYPE = YES_ERROR;
				GCC_WARN_UNDECLARED_SELECTOR = YES;
				GCC_WARN_UNINITIALIZED_AUTOS = YES_AGGRESSIVE;
				GCC_WARN_UNUSED_FUNCTION = YES;
				GCC_WARN_UNUSED_VARIABLE = YES;
				IPHONEOS_DEPLOYMENT_TARGET = 12.4;
				MTL_ENABLE_DEBUG_INFO = INCLUDE_SOURCE;
				MTL_FAST_MATH = YES;
				ONLY_ACTIVE_ARCH = YES;
				SDKROOT = iphoneos;
				SWIFT_ACTIVE_COMPILATION_CONDITIONS = DEBUG;
				SWIFT_OPTIMIZATION_LEVEL = "-Onone";
			};
			name = Debug;
		};
		5B4FF5F7230C39A900619847 /* Release */ = {
			isa = XCBuildConfiguration;
			buildSettings = {
				ALWAYS_SEARCH_USER_PATHS = NO;
				CLANG_ANALYZER_NONNULL = YES;
				CLANG_ANALYZER_NUMBER_OBJECT_CONVERSION = YES_AGGRESSIVE;
				CLANG_CXX_LANGUAGE_STANDARD = "gnu++14";
				CLANG_CXX_LIBRARY = "libc++";
				CLANG_ENABLE_MODULES = YES;
				CLANG_ENABLE_OBJC_ARC = YES;
				CLANG_ENABLE_OBJC_WEAK = YES;
				CLANG_WARN_BLOCK_CAPTURE_AUTORELEASING = YES;
				CLANG_WARN_BOOL_CONVERSION = YES;
				CLANG_WARN_COMMA = YES;
				CLANG_WARN_CONSTANT_CONVERSION = YES;
				CLANG_WARN_DEPRECATED_OBJC_IMPLEMENTATIONS = YES;
				CLANG_WARN_DIRECT_OBJC_ISA_USAGE = YES_ERROR;
				CLANG_WARN_DOCUMENTATION_COMMENTS = YES;
				CLANG_WARN_EMPTY_BODY = YES;
				CLANG_WARN_ENUM_CONVERSION = YES;
				CLANG_WARN_INFINITE_RECURSION = YES;
				CLANG_WARN_INT_CONVERSION = YES;
				CLANG_WARN_NON_LITERAL_NULL_CONVERSION = YES;
				CLANG_WARN_OBJC_IMPLICIT_RETAIN_SELF = YES;
				CLANG_WARN_OBJC_LITERAL_CONVERSION = YES;
				CLANG_WARN_OBJC_ROOT_CLASS = YES_ERROR;
				CLANG_WARN_RANGE_LOOP_ANALYSIS = YES;
				CLANG_WARN_STRICT_PROTOTYPES = YES;
				CLANG_WARN_SUSPICIOUS_MOVE = YES;
				CLANG_WARN_UNGUARDED_AVAILABILITY = YES_AGGRESSIVE;
				CLANG_WARN_UNREACHABLE_CODE = YES;
				CLANG_WARN__DUPLICATE_METHOD_MATCH = YES;
				CODE_SIGN_IDENTITY = "iPhone Developer";
				COPY_PHASE_STRIP = NO;
				DEBUG_INFORMATION_FORMAT = "dwarf-with-dsym";
				ENABLE_NS_ASSERTIONS = NO;
				ENABLE_STRICT_OBJC_MSGSEND = YES;
				GCC_C_LANGUAGE_STANDARD = gnu11;
				GCC_NO_COMMON_BLOCKS = YES;
				GCC_WARN_64_TO_32_BIT_CONVERSION = YES;
				GCC_WARN_ABOUT_RETURN_TYPE = YES_ERROR;
				GCC_WARN_UNDECLARED_SELECTOR = YES;
				GCC_WARN_UNINITIALIZED_AUTOS = YES_AGGRESSIVE;
				GCC_WARN_UNUSED_FUNCTION = YES;
				GCC_WARN_UNUSED_VARIABLE = YES;
				IPHONEOS_DEPLOYMENT_TARGET = 12.4;
				MTL_ENABLE_DEBUG_INFO = NO;
				MTL_FAST_MATH = YES;
				SDKROOT = iphoneos;
				SWIFT_COMPILATION_MODE = wholemodule;
				SWIFT_OPTIMIZATION_LEVEL = "-O";
				VALIDATE_PRODUCT = YES;
			};
			name = Release;
		};
		5B4FF5F9230C39A900619847 /* Debug */ = {
			isa = XCBuildConfiguration;
			baseConfigurationReference = 1D3C5152D7E79CCFF417C367 /* Pods-Go-Jek.debug.xcconfig */;
			buildSettings = {
				ASSETCATALOG_COMPILER_APPICON_NAME = AppIcon;
				CODE_SIGN_STYLE = Automatic;
				INFOPLIST_FILE = "Go-Jek/Info.plist";
				LD_RUNPATH_SEARCH_PATHS = "$(inherited) @executable_path/Frameworks";
				PRODUCT_BUNDLE_IDENTIFIER = "com.Go-Jek";
				PRODUCT_NAME = "$(TARGET_NAME)";
				SWIFT_VERSION = 5.0;
				TARGETED_DEVICE_FAMILY = "1,2";
			};
			name = Debug;
		};
		5B4FF5FA230C39A900619847 /* Release */ = {
			isa = XCBuildConfiguration;
			baseConfigurationReference = 4402D6D272B0F0123C9E1178 /* Pods-Go-Jek.release.xcconfig */;
			buildSettings = {
				ASSETCATALOG_COMPILER_APPICON_NAME = AppIcon;
				CODE_SIGN_STYLE = Automatic;
				INFOPLIST_FILE = "Go-Jek/Info.plist";
				LD_RUNPATH_SEARCH_PATHS = "$(inherited) @executable_path/Frameworks";
				PRODUCT_BUNDLE_IDENTIFIER = "com.Go-Jek";
				PRODUCT_NAME = "$(TARGET_NAME)";
				SWIFT_VERSION = 5.0;
				TARGETED_DEVICE_FAMILY = "1,2";
			};
			name = Release;
		};
		5B4FF5FC230C39A900619847 /* Debug */ = {
			isa = XCBuildConfiguration;
			baseConfigurationReference = D4636BBD98B95D046F1F0300 /* Pods-Go-JekTests.debug.xcconfig */;
			buildSettings = {
				ALWAYS_EMBED_SWIFT_STANDARD_LIBRARIES = YES;
				BUNDLE_LOADER = "$(TEST_HOST)";
				CODE_SIGN_STYLE = Automatic;
				INFOPLIST_FILE = "Go-JekTests/Info.plist";
				LD_RUNPATH_SEARCH_PATHS = "$(inherited) @executable_path/Frameworks @loader_path/Frameworks";
				PRODUCT_BUNDLE_IDENTIFIER = "com.Go-JekTests";
				PRODUCT_NAME = "$(TARGET_NAME)";
				SWIFT_VERSION = 5.0;
				TARGETED_DEVICE_FAMILY = "1,2";
				TEST_HOST = "$(BUILT_PRODUCTS_DIR)/Go-Jek.app/Go-Jek";
			};
			name = Debug;
		};
		5B4FF5FD230C39A900619847 /* Release */ = {
			isa = XCBuildConfiguration;
			baseConfigurationReference = 173B2F5862D1509741794AE1 /* Pods-Go-JekTests.release.xcconfig */;
			buildSettings = {
				ALWAYS_EMBED_SWIFT_STANDARD_LIBRARIES = YES;
				BUNDLE_LOADER = "$(TEST_HOST)";
				CODE_SIGN_STYLE = Automatic;
				INFOPLIST_FILE = "Go-JekTests/Info.plist";
				LD_RUNPATH_SEARCH_PATHS = "$(inherited) @executable_path/Frameworks @loader_path/Frameworks";
				PRODUCT_BUNDLE_IDENTIFIER = "com.Go-JekTests";
				PRODUCT_NAME = "$(TARGET_NAME)";
				SWIFT_VERSION = 5.0;
				TARGETED_DEVICE_FAMILY = "1,2";
				TEST_HOST = "$(BUILT_PRODUCTS_DIR)/Go-Jek.app/Go-Jek";
			};
			name = Release;
		};
		5B4FF5FF230C39A900619847 /* Debug */ = {
			isa = XCBuildConfiguration;
			baseConfigurationReference = 473F752010DA23596147BC12 /* Pods-Go-JekUITests.debug.xcconfig */;
			buildSettings = {
				ALWAYS_EMBED_SWIFT_STANDARD_LIBRARIES = YES;
				CODE_SIGN_STYLE = Automatic;
				INFOPLIST_FILE = "Go-JekUITests/Info.plist";
				LD_RUNPATH_SEARCH_PATHS = "$(inherited) @executable_path/Frameworks @loader_path/Frameworks";
				PRODUCT_BUNDLE_IDENTIFIER = "com.Go-JekUITests";
				PRODUCT_NAME = "$(TARGET_NAME)";
				SWIFT_VERSION = 5.0;
				TARGETED_DEVICE_FAMILY = "1,2";
				TEST_TARGET_NAME = "Go-Jek";
			};
			name = Debug;
		};
		5B4FF600230C39A900619847 /* Release */ = {
			isa = XCBuildConfiguration;
			baseConfigurationReference = FCFA9C71B0378D56730765CD /* Pods-Go-JekUITests.release.xcconfig */;
			buildSettings = {
				ALWAYS_EMBED_SWIFT_STANDARD_LIBRARIES = YES;
				CODE_SIGN_STYLE = Automatic;
				INFOPLIST_FILE = "Go-JekUITests/Info.plist";
				LD_RUNPATH_SEARCH_PATHS = "$(inherited) @executable_path/Frameworks @loader_path/Frameworks";
				PRODUCT_BUNDLE_IDENTIFIER = "com.Go-JekUITests";
				PRODUCT_NAME = "$(TARGET_NAME)";
				SWIFT_VERSION = 5.0;
				TARGETED_DEVICE_FAMILY = "1,2";
				TEST_TARGET_NAME = "Go-Jek";
			};
			name = Release;
		};
/* End XCBuildConfiguration section */

/* Begin XCConfigurationList section */
		5B4FF5CB230C39A700619847 /* Build configuration list for PBXProject "Go-Jek" */ = {
			isa = XCConfigurationList;
			buildConfigurations = (
				5B4FF5F6230C39A900619847 /* Debug */,
				5B4FF5F7230C39A900619847 /* Release */,
			);
			defaultConfigurationIsVisible = 0;
			defaultConfigurationName = Release;
		};
		5B4FF5F8230C39A900619847 /* Build configuration list for PBXNativeTarget "Go-Jek" */ = {
			isa = XCConfigurationList;
			buildConfigurations = (
				5B4FF5F9230C39A900619847 /* Debug */,
				5B4FF5FA230C39A900619847 /* Release */,
			);
			defaultConfigurationIsVisible = 0;
			defaultConfigurationName = Release;
		};
		5B4FF5FB230C39A900619847 /* Build configuration list for PBXNativeTarget "Go-JekTests" */ = {
			isa = XCConfigurationList;
			buildConfigurations = (
				5B4FF5FC230C39A900619847 /* Debug */,
				5B4FF5FD230C39A900619847 /* Release */,
			);
			defaultConfigurationIsVisible = 0;
			defaultConfigurationName = Release;
		};
		5B4FF5FE230C39A900619847 /* Build configuration list for PBXNativeTarget "Go-JekUITests" */ = {
			isa = XCConfigurationList;
			buildConfigurations = (
				5B4FF5FF230C39A900619847 /* Debug */,
				5B4FF600230C39A900619847 /* Release */,
			);
			defaultConfigurationIsVisible = 0;
			defaultConfigurationName = Release;
		};
/* End XCConfigurationList section */
	};
	rootObject = 5B4FF5C8230C39A700619847 /* Project object */;
}
